
Microsoft Visual Studio Solution File, Format Version 12.00
# Visual Studio Version 16
VisualStudioVersion = 16.0.30114.105
MinimumVisualStudioVersion = 10.0.40219.1
Project("{FAE04EC0-301F-11D3-BF4B-00C04F79EFBC}") = "BlazorTextEditor.RazorLib", "BlazorTextEditor.RazorLib\BlazorTextEditor.RazorLib.csproj", "{0399D805-EF69-4801-BA36-8C7D889EFC77}"
EndProject
Project("{FAE04EC0-301F-11D3-BF4B-00C04F79EFBC}") = "ExampleApplication", "ExampleApplication\ExampleApplication.csproj", "{B64045D9-CB3C-4FCB-B735-3F70672F84DB}"
EndProject
Project("{FAE04EC0-301F-11D3-BF4B-00C04F79EFBC}") = "FictitiousLanguage.ClassLib", "FictitiousLanguage.ClassLib\FictitiousLanguage.ClassLib.csproj", "{301EB902-C056-4FB8-9575-1FCDEECB0448}"
EndProject
Project("{FAE04EC0-301F-11D3-BF4B-00C04F79EFBC}") = "FictitiousLanguage.Tests", "FictitiousLanguage.Tests\FictitiousLanguage.Tests.csproj", "{658BA428-0916-4CE2-A128-19E01A2BD7E7}"
EndProject
Global
	GlobalSection(SolutionConfigurationPlatforms) = preSolution
		Debug|Any CPU = Debug|Any CPU
		Release|Any CPU = Release|Any CPU
	EndGlobalSection
	GlobalSection(SolutionProperties) = preSolution
		HideSolutionNode = FALSE
	EndGlobalSection
	GlobalSection(ProjectConfigurationPlatforms) = postSolution
		{0399D805-EF69-4801-BA36-8C7D889EFC77}.Debug|Any CPU.ActiveCfg = Debug|Any CPU
		{0399D805-EF69-4801-BA36-8C7D889EFC77}.Debug|Any CPU.Build.0 = Debug|Any CPU
		{0399D805-EF69-4801-BA36-8C7D889EFC77}.Release|Any CPU.ActiveCfg = Release|Any CPU
		{0399D805-EF69-4801-BA36-8C7D889EFC77}.Release|Any CPU.Build.0 = Release|Any CPU
		{B64045D9-CB3C-4FCB-B735-3F70672F84DB}.Debug|Any CPU.ActiveCfg = Debug|Any CPU
		{B64045D9-CB3C-4FCB-B735-3F70672F84DB}.Debug|Any CPU.Build.0 = Debug|Any CPU
		{B64045D9-CB3C-4FCB-B735-3F70672F84DB}.Release|Any CPU.ActiveCfg = Release|Any CPU
		{B64045D9-CB3C-4FCB-B735-3F70672F84DB}.Release|Any CPU.Build.0 = Release|Any CPU
		{301EB902-C056-4FB8-9575-1FCDEECB0448}.Debug|Any CPU.ActiveCfg = Debug|Any CPU
		{301EB902-C056-4FB8-9575-1FCDEECB0448}.Debug|Any CPU.Build.0 = Debug|Any CPU
		{301EB902-C056-4FB8-9575-1FCDEECB0448}.Release|Any CPU.ActiveCfg = Release|Any CPU
		{301EB902-C056-4FB8-9575-1FCDEECB0448}.Release|Any CPU.Build.0 = Release|Any CPU
		{658BA428-0916-4CE2-A128-19E01A2BD7E7}.Debug|Any CPU.ActiveCfg = Debug|Any CPU
		{658BA428-0916-4CE2-A128-19E01A2BD7E7}.Debug|Any CPU.Build.0 = Debug|Any CPU
		{658BA428-0916-4CE2-A128-19E01A2BD7E7}.Release|Any CPU.ActiveCfg = Release|Any CPU
		{658BA428-0916-4CE2-A128-19E01A2BD7E7}.Release|Any CPU.Build.0 = Release|Any CPU
	EndGlobalSection
EndGlobal
